
Microsoft Visual Studio Solution File, Format Version 12.00
# Visual Studio Version 17
VisualStudioVersion = 17.7.34018.315
MinimumVisualStudioVersion = 10.0.40219.1
Project("{2150E333-8FDC-42A3-9474-1A3956D46DE8}") = "SolutionItems", "SolutionItems", "{E9AA1C17-534C-4164-8586-4A2608A777EC}"
	ProjectSection(SolutionItems) = preProject
		..\Directory.Build.props = ..\Directory.Build.props
		..\Makefile = ..\Makefile
	EndProjectSection
EndProject
Project("{9A19103F-16F7-4668-BE54-9A1E7A4F7556}") = "Gettext.Tools", "Gettext.Tools\Gettext.Tools.csproj", "{12763740-0830-4A15-8035-49E7CF7AFDB8}"
EndProject
Project("{9A19103F-16F7-4668-BE54-9A1E7A4F7556}") = "Gettext.Tools.DotNetTool", "Gettext.Tools.DotNetTool\Gettext.Tools.DotNetTool.csproj", "{3E223068-BB39-4284-AD62-68777DF54288}"
EndProject
Global
	GlobalSection(SolutionConfigurationPlatforms) = preSolution
		Debug|Any CPU = Debug|Any CPU
		Release|Any CPU = Release|Any CPU
	EndGlobalSection
	GlobalSection(ProjectConfigurationPlatforms) = postSolution
		{12763740-0830-4A15-8035-49E7CF7AFDB8}.Debug|Any CPU.ActiveCfg = Debug|Any CPU
		{12763740-0830-4A15-8035-49E7CF7AFDB8}.Release|Any CPU.ActiveCfg = Release|Any CPU
		{3E223068-BB39-4284-AD62-68777DF54288}.Debug|Any CPU.ActiveCfg = Debug|Any CPU
		{3E223068-BB39-4284-AD62-68777DF54288}.Debug|Any CPU.Build.0 = Debug|Any CPU
		{3E223068-BB39-4284-AD62-68777DF54288}.Release|Any CPU.ActiveCfg = Release|Any CPU
		{3E223068-BB39-4284-AD62-68777DF54288}.Release|Any CPU.Build.0 = Release|Any CPU
	EndGlobalSection
	GlobalSection(SolutionProperties) = preSolution
		HideSolutionNode = FALSE
	EndGlobalSection
	GlobalSection(ExtensibilityGlobals) = postSolution
		SolutionGuid = {32783BC4-4C1A-4AAB-B2C7-E23D0028868E}
	EndGlobalSection
EndGlobal
